
Microsoft Visual Studio Solution File, Format Version 12.00
# Visual Studio 15
VisualStudioVersion = 15.0.28307.572
MinimumVisualStudioVersion = 10.0.40219.1
Project("{2150E333-8FDC-42A3-9474-1A3956D46DE8}") = "Solution Items", "Solution Items", "{69FCEB63-5277-444F-A8E0-2ADB0C61E520}"
	ProjectSection(SolutionItems) = preProject
		SqlWOA.sql = SqlWOA.sql
	EndProjectSection
EndProject
Global
	GlobalSection(SolutionProperties) = preSolution
		HideSolutionNode = FALSE
	EndGlobalSection
	GlobalSection(ExtensibilityGlobals) = postSolution
		SolutionGuid = {BF5F3929-AF5D-44DC-B156-AAD245415EAE}
	EndGlobalSection
EndGlobal
